
Microsoft Visual Studio Solution File, Format Version 12.00
# Visual Studio Version 17
VisualStudioVersion = 17.7.34018.315
MinimumVisualStudioVersion = 10.0.40219.1
Project("{FAE04EC0-301F-11D3-BF4B-00C04F79EFBC}") = "TelegramBotApp", "TelegramBotApp\TelegramBotApp.csproj", "{E8432DD2-4446-4B47-885B-72C3221F9158}"
EndProject
Global
	GlobalSection(SolutionConfigurationPlatforms) = preSolution
		Debug|Any CPU = Debug|Any CPU
		Release|Any CPU = Release|Any CPU
	EndGlobalSection
	GlobalSection(ProjectConfigurationPlatforms) = postSolution
		{E8432DD2-4446-4B47-885B-72C3221F9158}.Debug|Any CPU.ActiveCfg = Debug|Any CPU
		{E8432DD2-4446-4B47-885B-72C3221F9158}.Debug|Any CPU.Build.0 = Debug|Any CPU
		{E8432DD2-4446-4B47-885B-72C3221F9158}.Release|Any CPU.ActiveCfg = Release|Any CPU
		{E8432DD2-4446-4B47-885B-72C3221F9158}.Release|Any CPU.Build.0 = Release|Any CPU
	EndGlobalSection
	GlobalSection(SolutionProperties) = preSolution
		HideSolutionNode = FALSE
	EndGlobalSection
	GlobalSection(ExtensibilityGlobals) = postSolution
		SolutionGuid = {AFE5EAA9-418E-4CD7-9426-9E67E80DCB8A}
	EndGlobalSection
EndGlobal
